
Microsoft Visual Studio Solution File, Format Version 12.00
# Visual Studio Version 16
VisualStudioVersion = 16.0.30309.148
MinimumVisualStudioVersion = 10.0.40219.1
Project("{FAE04EC0-301F-11D3-BF4B-00C04F79EFBC}") = "DockableRevitAPI", "DockableRevitAPI.csproj", "{BCDB2395-E9D6-4104-98AD-08E336D0F107}"
EndProject
Global
	GlobalSection(SolutionConfigurationPlatforms) = preSolution
		Debug|Any CPU = Debug|Any CPU
		Release|Any CPU = Release|Any CPU
	EndGlobalSection
	GlobalSection(ProjectConfigurationPlatforms) = postSolution
		{BCDB2395-E9D6-4104-98AD-08E336D0F107}.Debug|Any CPU.ActiveCfg = Debug|Any CPU
		{BCDB2395-E9D6-4104-98AD-08E336D0F107}.Debug|Any CPU.Build.0 = Debug|Any CPU
		{BCDB2395-E9D6-4104-98AD-08E336D0F107}.Release|Any CPU.ActiveCfg = Release|Any CPU
		{BCDB2395-E9D6-4104-98AD-08E336D0F107}.Release|Any CPU.Build.0 = Release|Any CPU
	EndGlobalSection
	GlobalSection(SolutionProperties) = preSolution
		HideSolutionNode = FALSE
	EndGlobalSection
	GlobalSection(ExtensibilityGlobals) = postSolution
		SolutionGuid = {7C44FD95-FD63-442A-A90A-FD481964D5DC}
	EndGlobalSection
EndGlobal
